
Microsoft Visual Studio Solution File, Format Version 12.00
# Visual Studio Version 17
VisualStudioVersion = 17.13.35931.197 d17.13
MinimumVisualStudioVersion = 10.0.40219.1
Project("{FAE04EC0-301F-11D3-BF4B-00C04F79EFBC}") = "DemoSeocket", "DemoSeocket\DemoSeocket.csproj", "{8AA5464B-52B2-4C01-9837-D9B396BD2E3E}"
EndProject
Global
	GlobalSection(SolutionConfigurationPlatforms) = preSolution
		Debug|Any CPU = Debug|Any CPU
		Release|Any CPU = Release|Any CPU
	EndGlobalSection
	GlobalSection(ProjectConfigurationPlatforms) = postSolution
		{8AA5464B-52B2-4C01-9837-D9B396BD2E3E}.Debug|Any CPU.ActiveCfg = Debug|Any CPU
		{8AA5464B-52B2-4C01-9837-D9B396BD2E3E}.Debug|Any CPU.Build.0 = Debug|Any CPU
		{8AA5464B-52B2-4C01-9837-D9B396BD2E3E}.Release|Any CPU.ActiveCfg = Release|Any CPU
		{8AA5464B-52B2-4C01-9837-D9B396BD2E3E}.Release|Any CPU.Build.0 = Release|Any CPU
	EndGlobalSection
	GlobalSection(SolutionProperties) = preSolution
		HideSolutionNode = FALSE
	EndGlobalSection
	GlobalSection(ExtensibilityGlobals) = postSolution
		SolutionGuid = {E98BE533-B3DE-4605-8BFB-42622F71627B}
	EndGlobalSection
EndGlobal
